
Microsoft Visual Studio Solution File, Format Version 12.00
# Visual Studio 15
VisualStudioVersion = 15.0.28307.1778
MinimumVisualStudioVersion = 10.0.40219.1
Project("{F14B399A-7131-4C87-9E4B-1186C45EF12D}") = "SSRSRaportStatik_GRIDDLQ", "SSRSRaportStatik_GRIDDLQ\SSRSRaportStatik_GRIDDLQ.rptproj", "{F974E5B2-AF35-4914-B919-C93BD78C1644}"
EndProject
Global
	GlobalSection(SolutionConfigurationPlatforms) = preSolution
		Debug|Default = Debug|Default
		DebugLocal|Default = DebugLocal|Default
		Release|Default = Release|Default
	EndGlobalSection
	GlobalSection(ProjectConfigurationPlatforms) = postSolution
		{F974E5B2-AF35-4914-B919-C93BD78C1644}.Debug|Default.ActiveCfg = Debug
		{F974E5B2-AF35-4914-B919-C93BD78C1644}.Debug|Default.Build.0 = Debug
		{F974E5B2-AF35-4914-B919-C93BD78C1644}.Debug|Default.Deploy.0 = Debug
		{F974E5B2-AF35-4914-B919-C93BD78C1644}.DebugLocal|Default.ActiveCfg = DebugLocal
		{F974E5B2-AF35-4914-B919-C93BD78C1644}.DebugLocal|Default.Build.0 = DebugLocal
		{F974E5B2-AF35-4914-B919-C93BD78C1644}.Release|Default.ActiveCfg = Release
		{F974E5B2-AF35-4914-B919-C93BD78C1644}.Release|Default.Build.0 = Release
		{F974E5B2-AF35-4914-B919-C93BD78C1644}.Release|Default.Deploy.0 = Release
	EndGlobalSection
	GlobalSection(SolutionProperties) = preSolution
		HideSolutionNode = FALSE
	EndGlobalSection
	GlobalSection(ExtensibilityGlobals) = postSolution
		SolutionGuid = {836C138C-21A5-4122-9022-35E43FB225C1}
	EndGlobalSection
EndGlobal
